
Microsoft Visual Studio Solution File, Format Version 12.00
# Visual Studio 15
VisualStudioVersion = 15.0.28307.572
MinimumVisualStudioVersion = 10.0.40219.1
Project("{FAE04EC0-301F-11D3-BF4B-00C04F79EFBC}") = "MesseNGoat", "MesseNGoat\MesseNGoat.csproj", "{F7279CF1-EDAD-4462-8B30-7813AC83677A}"
EndProject
Project("{FAE04EC0-301F-11D3-BF4B-00C04F79EFBC}") = "MesseNGoatServer", "MesseNGoatServer\MesseNGoatServer.csproj", "{87E68A9F-2783-4026-A0EA-8BB1A054DDA0}"
EndProject
Global
	GlobalSection(SolutionConfigurationPlatforms) = preSolution
		Debug|Any CPU = Debug|Any CPU
		Release|Any CPU = Release|Any CPU
	EndGlobalSection
	GlobalSection(ProjectConfigurationPlatforms) = postSolution
		{F7279CF1-EDAD-4462-8B30-7813AC83677A}.Debug|Any CPU.ActiveCfg = Debug|Any CPU
		{F7279CF1-EDAD-4462-8B30-7813AC83677A}.Debug|Any CPU.Build.0 = Debug|Any CPU
		{F7279CF1-EDAD-4462-8B30-7813AC83677A}.Release|Any CPU.ActiveCfg = Release|Any CPU
		{F7279CF1-EDAD-4462-8B30-7813AC83677A}.Release|Any CPU.Build.0 = Release|Any CPU
		{87E68A9F-2783-4026-A0EA-8BB1A054DDA0}.Debug|Any CPU.ActiveCfg = Debug|Any CPU
		{87E68A9F-2783-4026-A0EA-8BB1A054DDA0}.Debug|Any CPU.Build.0 = Debug|Any CPU
		{87E68A9F-2783-4026-A0EA-8BB1A054DDA0}.Release|Any CPU.ActiveCfg = Release|Any CPU
		{87E68A9F-2783-4026-A0EA-8BB1A054DDA0}.Release|Any CPU.Build.0 = Release|Any CPU
	EndGlobalSection
	GlobalSection(SolutionProperties) = preSolution
		HideSolutionNode = FALSE
	EndGlobalSection
	GlobalSection(ExtensibilityGlobals) = postSolution
		SolutionGuid = {0582810B-D55D-4CBA-AD8A-F68A0BCAA47F}
	EndGlobalSection
EndGlobal
